
Microsoft Visual Studio Solution File, Format Version 12.00
# Visual Studio Version 17
VisualStudioVersion = 17.13.35931.197 d17.13
MinimumVisualStudioVersion = 10.0.40219.1
Project("{FAE04EC0-301F-11D3-BF4B-00C04F79EFBC}") = "LR4", "LR4.csproj", "{CF203BA4-88D1-4B37-AF7B-3AE655706B9A}"
EndProject
Global
	GlobalSection(SolutionConfigurationPlatforms) = preSolution
		Debug|Any CPU = Debug|Any CPU
		Release|Any CPU = Release|Any CPU
	EndGlobalSection
	GlobalSection(ProjectConfigurationPlatforms) = postSolution
		{CF203BA4-88D1-4B37-AF7B-3AE655706B9A}.Debug|Any CPU.ActiveCfg = Debug|Any CPU
		{CF203BA4-88D1-4B37-AF7B-3AE655706B9A}.Debug|Any CPU.Build.0 = Debug|Any CPU
		{CF203BA4-88D1-4B37-AF7B-3AE655706B9A}.Release|Any CPU.ActiveCfg = Release|Any CPU
		{CF203BA4-88D1-4B37-AF7B-3AE655706B9A}.Release|Any CPU.Build.0 = Release|Any CPU
	EndGlobalSection
	GlobalSection(SolutionProperties) = preSolution
		HideSolutionNode = FALSE
	EndGlobalSection
	GlobalSection(ExtensibilityGlobals) = postSolution
		SolutionGuid = {02025088-757A-482C-B0DF-19652839836F}
	EndGlobalSection
EndGlobal
